// !$*UTF8*$!
{
	archiveVersion = 1;
	classes = {
	};
	objectVersion = 50;
	objects = {

/* Begin PBXBuildFile section */
		59FCCFB42506963F00A3A762 /* AppDelegate.swift in Sources */ = {isa = PBXBuildFile; fileRef = 59FCCFB32506963F00A3A762 /* AppDelegate.swift */; };
		59FCCFB62506963F00A3A762 /* ViewController.swift in Sources */ = {isa = PBXBuildFile; fileRef = 59FCCFB52506963F00A3A762 /* ViewController.swift */; };
		59FCCFB82506964000A3A762 /* Assets.xcassets in Resources */ = {isa = PBXBuildFile; fileRef = 59FCCFB72506964000A3A762 /* Assets.xcassets */; };
		59FCCFBB2506964000A3A762 /* Main.storyboard in Resources */ = {isa = PBXBuildFile; fileRef = 59FCCFB92506964000A3A762 /* Main.storyboard */; };
/* End PBXBuildFile section */

/* Begin PBXFileReference section */
		59FCCFB02506963F00A3A762 /* Dyadya_Maxa.app */ = {isa = PBXFileReference; explicitFileType = wrapper.application; includeInIndex = 0; path = Dyadya_Maxa.app; sourceTree = BUILT_PRODUCTS_DIR; };
		59FCCFB32506963F00A3A762 /* AppDelegate.swift */ = {isa = PBXFileReference; lastKnownFileType = sourcecode.swift; path = AppDelegate.swift; sourceTree = "<group>"; };
		59FCCFB52506963F00A3A762 /* ViewController.swift */ = {isa = PBXFileReference; lastKnownFileType = sourcecode.swift; path = ViewController.swift; sourceTree = "<group>"; };
		59FCCFB72506964000A3A762 /* Assets.xcassets */ = {isa = PBXFileReference; lastKnownFileType = folder.assetcatalog; path = Assets.xcassets; sourceTree = "<group>"; };
		59FCCFBA2506964000A3A762 /* Base */ = {isa = PBXFileReference; lastKnownFileType = file.storyboard; name = Base; path = Base.lproj/Main.storyboard; sourceTree = "<group>"; };
		59FCCFBC2506964000A3A762 /* Info.plist */ = {isa = PBXFileReference; lastKnownFileType = text.plist.xml; path = Info.plist; sourceTree = "<group>"; };
		59FCCFBD2506964000A3A762 /* Dyadya_Maxa.entitlements */ = {isa = PBXFileReference; lastKnownFileType = text.plist.entitlements; path = Dyadya_Maxa.entitlements; sourceTree = "<group>"; };
/* End PBXFileReference section */

/* Begin PBXFrameworksBuildPhase section */
		59FCCFAD2506963F00A3A762 /* Frameworks */ = {
			isa = PBXFrameworksBuildPhase;
			buildActionMask = 2147483647;
			files = (
			);
			runOnlyForDeploymentPostprocessing = 0;
		};
/* End PBXFrameworksBuildPhase section */

/* Begin PBXGroup section */
		59FCCFA72506963F00A3A762 = {
			isa = PBXGroup;
			children = (
				59FCCFB22506963F00A3A762 /* Dyadya_Maxa */,
				59FCCFB12506963F00A3A762 /* Products */,
			);
			sourceTree = "<group>";
		};
		59FCCFB12506963F00A3A762 /* Products */ = {
			isa = PBXGroup;
			children = (
				59FCCFB02506963F00A3A762 /* Dyadya_Maxa.app */,
			);
			name = Products;
			sourceTree = "<group>";
		};
		59FCCFB22506963F00A3A762 /* Dyadya_Maxa */ = {
			isa = PBXGroup;
			children = (
				59FCCFB32506963F00A3A762 /* AppDelegate.swift */,
				59FCCFB52506963F00A3A762 /* ViewController.swift */,
				59FCCFB72506964000A3A762 /* Assets.xcassets */,
				59FCCFB92506964000A3A762 /* Main.storyboard */,
				59FCCFBC2506964000A3A762 /* Info.plist */,
				59FCCFBD2506964000A3A762 /* Dyadya_Maxa.entitlements */,
			);
			path = Dyadya_Maxa;
			sourceTree = "<group>";
		};
/* End PBXGroup section */

/* Begin PBXNativeTarget section */
		59FCCFAF2506963F00A3A762 /* Dyadya_Maxa */ = {
			isa = PBXNativeTarget;
			buildConfigurationList = 59FCCFC02506964000A3A762 /* Build configuration list for PBXNativeTarget "Dyadya_Maxa" */;
			buildPhases = (
				59FCCFAC2506963F00A3A762 /* Sources */,
				59FCCFAD2506963F00A3A762 /* Frameworks */,
				59FCCFAE2506963F00A3A762 /* Resources */,
			);
			buildRules = (
			);
			dependencies = (
			);
			name = Dyadya_Maxa;
			productName = Dyadya_Maxa;
			productReference = 59FCCFB02506963F00A3A762 /* Dyadya_Maxa.app */;
			productType = "com.apple.product-type.application";
		};
/* End PBXNativeTarget section */

/* Begin PBXProject section */
		59FCCFA82506963F00A3A762 /* Project object */ = {
			isa = PBXProject;
			attributes = {
				LastSwiftUpdateCheck = 1170;
				LastUpgradeCheck = 1170;
				ORGANIZATIONNAME = "Ярослав Петюль";
				TargetAttributes = {
					59FCCFAF2506963F00A3A762 = {
						CreatedOnToolsVersion = 11.7;
					};
				};
			};
			buildConfigurationList = 59FCCFAB2506963F00A3A762 /* Build configuration list for PBXProject "Dyadya_Maxa" */;
			compatibilityVersion = "Xcode 9.3";
			developmentRegion = en;
			hasScannedForEncodings = 0;
			knownRegions = (
				en,
				Base,
			);
			mainGroup = 59FCCFA72506963F00A3A762;
			productRefGroup = 59FCCFB12506963F00A3A762 /* Products */;
			projectDirPath = "";
			projectRoot = "";
			targets = (
				59FCCFAF2506963F00A3A762 /* Dyadya_Maxa */,
			);
		};
/* End PBXProject section */

/* Begin PBXResourcesBuildPhase section */
		59FCCFAE2506963F00A3A762 /* Resources */ = {
			isa = PBXResourcesBuildPhase;
			buildActionMask = 2147483647;
			files = (
				59FCCFB82506964000A3A762 /* Assets.xcassets in Resources */,
				59FCCFBB2506964000A3A762 /* Main.storyboard in Resources */,
			);
			runOnlyForDeploymentPostprocessing = 0;
		};
/* End PBXResourcesBuildPhase section */

/* Begin PBXSourcesBuildPhase section */
		59FCCFAC2506963F00A3A762 /* Sources */ = {
			isa = PBXSourcesBuildPhase;
			buildActionMask = 2147483647;
			files = (
				59FCCFB62506963F00A3A762 /* ViewController.swift in Sources */,
				59FCCFB42506963F00A3A762 /* AppDelegate.swift in Sources */,
			);
			runOnlyForDeploymentPostprocessing = 0;
		};
/* End PBXSourcesBuildPhase section */

/* Begin PBXVariantGroup section */
		59FCCFB92506964000A3A762 /* Main.storyboard */ = {
			isa = PBXVariantGroup;
			children = (
				59FCCFBA2506964000A3A762 /* Base */,
			);
			name = Main.storyboard;
			sourceTree = "<group>";
		};
/* End PBXVariantGroup section */

/* Begin XCBuildConfiguration section */
		59FCCFBE2506964000A3A762 /* Debug */ = {
			isa = XCBuildConfiguration;
			buildSettings = {
				ALWAYS_SEARCH_USER_PATHS = NO;
				CLANG_ANALYZER_NONNULL = YES;
				CLANG_ANALYZER_NUMBER_OBJECT_CONVERSION = YES_AGGRESSIVE;
				CLANG_CXX_LANGUAGE_STANDARD = "gnu++14";
				CLANG_CXX_LIBRARY = "libc++";
				CLANG_ENABLE_MODULES = YES;
				CLANG_ENABLE_OBJC_ARC = YES;
				CLANG_ENABLE_OBJC_WEAK = YES;
				CLANG_WARN_BLOCK_CAPTURE_AUTORELEASING = YES;
				CLANG_WARN_BOOL_CONVERSION = YES;
				CLANG_WARN_COMMA = YES;
				CLANG_WARN_CONSTANT_CONVERSION = YES;
				CLANG_WARN_DEPRECATED_OBJC_IMPLEMENTATIONS = YES;
				CLANG_WARN_DIRECT_OBJC_ISA_USAGE = YES_ERROR;
				CLANG_WARN_DOCUMENTATION_COMMENTS = YES;
				CLANG_WARN_EMPTY_BODY = YES;
				CLANG_WARN_ENUM_CONVERSION = YES;
				CLANG_WARN_INFINITE_RECURSION = YES;
				CLANG_WARN_INT_CONVERSION = YES;
				CLANG_WARN_NON_LITERAL_NULL_CONVERSION = YES;
				CLANG_WARN_OBJC_IMPLICIT_RETAIN_SELF = YES;
				CLANG_WARN_OBJC_LITERAL_CONVERSION = YES;
				CLANG_WARN_OBJC_ROOT_CLASS = YES_ERROR;
				CLANG_WARN_RANGE_LOOP_ANALYSIS = YES;
				CLANG_WARN_STRICT_PROTOTYPES = YES;
				CLANG_WARN_SUSPICIOUS_MOVE = YES;
				CLANG_WARN_UNGUARDED_AVAILABILITY = YES_AGGRESSIVE;
				CLANG_WARN_UNREACHABLE_CODE = YES;
				CLANG_WARN__DUPLICATE_METHOD_MATCH = YES;
				COPY_PHASE_STRIP = NO;
				DEBUG_INFORMATION_FORMAT = dwarf;
				ENABLE_STRICT_OBJC_MSGSEND = YES;
				ENABLE_TESTABILITY = YES;
				GCC_C_LANGUAGE_STANDARD = gnu11;
				GCC_DYNAMIC_NO_PIC = NO;
				GCC_NO_COMMON_BLOCKS = YES;
				GCC_OPTIMIZATION_LEVEL = 0;
				GCC_PREPROCESSOR_DEFINITIONS = (
					"DEBUG=1",
					"$(inherited)",
				);
				GCC_WARN_64_TO_32_BIT_CONVERSION = YES;
				GCC_WARN_ABOUT_RETURN_TYPE = YES_ERROR;
				GCC_WARN_UNDECLARED_SELECTOR = YES;
				GCC_WARN_UNINITIALIZED_AUTOS = YES_AGGRESSIVE;
				GCC_WARN_UNUSED_FUNCTION = YES;
				GCC_WARN_UNUSED_VARIABLE = YES;
				MACOSX_DEPLOYMENT_TARGET = 10.15;
				MTL_ENABLE_DEBUG_INFO = INCLUDE_SOURCE;
				MTL_FAST_MATH = YES;
				ONLY_ACTIVE_ARCH = YES;
				SDKROOT = macosx;
				SWIFT_ACTIVE_COMPILATION_CONDITIONS = DEBUG;
				SWIFT_OPTIMIZATION_LEVEL = "-Onone";
			};
			name = Debug;
		};
		59FCCFBF2506964000A3A762 /* Release */ = {
			isa = XCBuildConfiguration;
			buildSettings = {
				ALWAYS_SEARCH_USER_PATHS = NO;
				CLANG_ANALYZER_NONNULL = YES;
				CLANG_ANALYZER_NUMBER_OBJECT_CONVERSION = YES_AGGRESSIVE;
				CLANG_CXX_LANGUAGE_STANDARD = "gnu++14";
				CLANG_CXX_LIBRARY = "libc++";
				CLANG_ENABLE_MODULES = YES;
				CLANG_ENABLE_OBJC_ARC = YES;
				CLANG_ENABLE_OBJC_WEAK = YES;
				CLANG_WARN_BLOCK_CAPTURE_AUTORELEASING = YES;
				CLANG_WARN_BOOL_CONVERSION = YES;
				CLANG_WARN_COMMA = YES;
				CLANG_WARN_CONSTANT_CONVERSION = YES;
				CLANG_WARN_DEPRECATED_OBJC_IMPLEMENTATIONS = YES;
				CLANG_WARN_DIRECT_OBJC_ISA_USAGE = YES_ERROR;
				CLANG_WARN_DOCUMENTATION_COMMENTS = YES;
				CLANG_WARN_EMPTY_BODY = YES;
				CLANG_WARN_ENUM_CONVERSION = YES;
				CLANG_WARN_INFINITE_RECURSION = YES;
				CLANG_WARN_INT_CONVERSION = YES;
				CLANG_WARN_NON_LITERAL_NULL_CONVERSION = YES;
				CLANG_WARN_OBJC_IMPLICIT_RETAIN_SELF = YES;
				CLANG_WARN_OBJC_LITERAL_CONVERSION = YES;
				CLANG_WARN_OBJC_ROOT_CLASS = YES_ERROR;
				CLANG_WARN_RANGE_LOOP_ANALYSIS = YES;
				CLANG_WARN_STRICT_PROTOTYPES = YES;
				CLANG_WARN_SUSPICIOUS_MOVE = YES;
				CLANG_WARN_UNGUARDED_AVAILABILITY = YES_AGGRESSIVE;
				CLANG_WARN_UNREACHABLE_CODE = YES;
				CLANG_WARN__DUPLICATE_METHOD_MATCH = YES;
				COPY_PHASE_STRIP = NO;
				DEBUG_INFORMATION_FORMAT = "dwarf-with-dsym";
				ENABLE_NS_ASSERTIONS = NO;
				ENABLE_STRICT_OBJC_MSGSEND = YES;
				GCC_C_LANGUAGE_STANDARD = gnu11;
				GCC_NO_COMMON_BLOCKS = YES;
				GCC_WARN_64_TO_32_BIT_CONVERSION = YES;
				GCC_WARN_ABOUT_RETURN_TYPE = YES_ERROR;
				GCC_WARN_UNDECLARED_SELECTOR = YES;
				GCC_WARN_UNINITIALIZED_AUTOS = YES_AGGRESSIVE;
				GCC_WARN_UNUSED_FUNCTION = YES;
				GCC_WARN_UNUSED_VARIABLE = YES;
				MACOSX_DEPLOYMENT_TARGET = 10.15;
				MTL_ENABLE_DEBUG_INFO = NO;
				MTL_FAST_MATH = YES;
				SDKROOT = macosx;
				SWIFT_COMPILATION_MODE = wholemodule;
				SWIFT_OPTIMIZATION_LEVEL = "-O";
			};
			name = Release;
		};
		59FCCFC12506964000A3A762 /* Debug */ = {
			isa = XCBuildConfiguration;
			buildSettings = {
				ASSETCATALOG_COMPILER_APPICON_NAME = AppIcon;
				CODE_SIGN_ENTITLEMENTS = Dyadya_Maxa/Dyadya_Maxa.entitlements;
				CODE_SIGN_STYLE = Automatic;
				COMBINE_HIDPI_IMAGES = YES;
				DEVELOPMENT_TEAM = GXBZQ76U7H;
				ENABLE_HARDENED_RUNTIME = YES;
				INFOPLIST_FILE = Dyadya_Maxa/Info.plist;
				LD_RUNPATH_SEARCH_PATHS = (
					"$(inherited)",
					"@executable_path/../Frameworks",
				);
				PRODUCT_BUNDLE_IDENTIFIER = "petul.Dyadya-Maxa";
				PRODUCT_NAME = "$(TARGET_NAME)";
				SWIFT_VERSION = 5.0;
			};
			name = Debug;
		};
		59FCCFC22506964000A3A762 /* Release */ = {
			isa = XCBuildConfiguration;
			buildSettings = {
				ASSETCATALOG_COMPILER_APPICON_NAME = AppIcon;
				CODE_SIGN_ENTITLEMENTS = Dyadya_Maxa/Dyadya_Maxa.entitlements;
				CODE_SIGN_STYLE = Automatic;
				COMBINE_HIDPI_IMAGES = YES;
				DEVELOPMENT_TEAM = GXBZQ76U7H;
				ENABLE_HARDENED_RUNTIME = YES;
				INFOPLIST_FILE = Dyadya_Maxa/Info.plist;
				LD_RUNPATH_SEARCH_PATHS = (
					"$(inherited)",
					"@executable_path/../Frameworks",
				);
				PRODUCT_BUNDLE_IDENTIFIER = "petul.Dyadya-Maxa";
				PRODUCT_NAME = "$(TARGET_NAME)";
				SWIFT_VERSION = 5.0;
			};
			name = Release;
		};
/* End XCBuildConfiguration section */

/* Begin XCConfigurationList section */
		59FCCFAB2506963F00A3A762 /* Build configuration list for PBXProject "Dyadya_Maxa" */ = {
			isa = XCConfigurationList;
			buildConfigurations = (
				59FCCFBE2506964000A3A762 /* Debug */,
				59FCCFBF2506964000A3A762 /* Release */,
			);
			defaultConfigurationIsVisible = 0;
			defaultConfigurationName = Release;
		};
		59FCCFC02506964000A3A762 /* Build configuration list for PBXNativeTarget "Dyadya_Maxa" */ = {
			isa = XCConfigurationList;
			buildConfigurations = (
				59FCCFC12506964000A3A762 /* Debug */,
				59FCCFC22506964000A3A762 /* Release */,
			);
			defaultConfigurationIsVisible = 0;
			defaultConfigurationName = Release;
		};
/* End XCConfigurationList section */
	};
	rootObject = 59FCCFA82506963F00A3A762 /* Project object */;
}
